
Microsoft Visual Studio Solution File, Format Version 12.00
# Visual Studio Version 16
VisualStudioVersion = 16.0.29424.173
MinimumVisualStudioVersion = 10.0.40219.1
Project("{9A19103F-16F7-4668-BE54-9A1E7A4F7556}") = "Blacksmith.Tools", "Blacksmith.Tools\Blacksmith.Tools.csproj", "{57DCE3C6-5F67-4061-95D6-79A3EB51A2DC}"
EndProject
Global
	GlobalSection(SolutionConfigurationPlatforms) = preSolution
		Debug|Any CPU = Debug|Any CPU
		Release|Any CPU = Release|Any CPU
	EndGlobalSection
	GlobalSection(ProjectConfigurationPlatforms) = postSolution
		{57DCE3C6-5F67-4061-95D6-79A3EB51A2DC}.Debug|Any CPU.ActiveCfg = Debug|Any CPU
		{57DCE3C6-5F67-4061-95D6-79A3EB51A2DC}.Debug|Any CPU.Build.0 = Debug|Any CPU
		{57DCE3C6-5F67-4061-95D6-79A3EB51A2DC}.Release|Any CPU.ActiveCfg = Release|Any CPU
		{57DCE3C6-5F67-4061-95D6-79A3EB51A2DC}.Release|Any CPU.Build.0 = Release|Any CPU
	EndGlobalSection
	GlobalSection(SolutionProperties) = preSolution
		HideSolutionNode = FALSE
	EndGlobalSection
	GlobalSection(ExtensibilityGlobals) = postSolution
		SolutionGuid = {14BD0D66-0B5F-427D-9E92-8E367FF54D63}
	EndGlobalSection
EndGlobal
